
Microsoft Visual Studio Solution File, Format Version 12.00
# Visual Studio Version 16
VisualStudioVersion = 16.0.32228.343
MinimumVisualStudioVersion = 10.0.40219.1
Project("{8BC9CEB8-8B4A-11D0-8D11-00A0C91BC942}") = "Rendeructor", "Rendeructor\Include\Rendeructor.vcxproj", "{39EBA7BD-1B31-4479-B4D3-12072F4FE839}"
EndProject
Project("{8BC9CEB8-8B4A-11D0-8D11-00A0C91BC942}") = "InstancedTeapods", "Samples\InstancedTeapods\InstancedTeapods.vcxproj", "{94FACB73-D971-4A97-ABAD-32B2DD6C9F69}"
EndProject
Project("{2150E333-8FDC-42A3-9474-1A3956D46DE8}") = "Core", "Core", "{7E5157C1-D65A-4132-9D91-C995A123E52E}"
EndProject
Project("{2150E333-8FDC-42A3-9474-1A3956D46DE8}") = "Samples", "Samples", "{E9A798A1-A78A-4D34-AAA4-B0F802BE567D}"
EndProject
Project("{8BC9CEB8-8B4A-11D0-8D11-00A0C91BC942}") = "RenderToTexture", "Samples\RenderToTexture\RenderToTexture.vcxproj", "{0D07917B-37F9-4465-9F59-A668BC4831CE}"
EndProject
Project("{8BC9CEB8-8B4A-11D0-8D11-00A0C91BC942}") = "ShaderPathTracer", "Samples\ShaderPathTracer\ShaderPathTracer.vcxproj", "{F7585408-B57A-4381-8975-246B1A66CCB2}"
EndProject
Project("{8BC9CEB8-8B4A-11D0-8D11-00A0C91BC942}") = "TileRendering", "Samples\TileRendering\TileRendering.vcxproj", "{CA2FA895-7DCC-4005-9552-86964F3C864F}"
EndProject
Global
	GlobalSection(SolutionConfigurationPlatforms) = preSolution
		Debug|x64 = Debug|x64
		Debug|x86 = Debug|x86
		Release|x64 = Release|x64
		Release|x86 = Release|x86
	EndGlobalSection
	GlobalSection(ProjectConfigurationPlatforms) = postSolution
		{39EBA7BD-1B31-4479-B4D3-12072F4FE839}.Debug|x64.ActiveCfg = Debug|x64
		{39EBA7BD-1B31-4479-B4D3-12072F4FE839}.Debug|x64.Build.0 = Debug|x64
		{39EBA7BD-1B31-4479-B4D3-12072F4FE839}.Debug|x86.ActiveCfg = Debug|Win32
		{39EBA7BD-1B31-4479-B4D3-12072F4FE839}.Debug|x86.Build.0 = Debug|Win32
		{39EBA7BD-1B31-4479-B4D3-12072F4FE839}.Release|x64.ActiveCfg = Release|x64
		{39EBA7BD-1B31-4479-B4D3-12072F4FE839}.Release|x64.Build.0 = Release|x64
		{39EBA7BD-1B31-4479-B4D3-12072F4FE839}.Release|x86.ActiveCfg = Release|Win32
		{39EBA7BD-1B31-4479-B4D3-12072F4FE839}.Release|x86.Build.0 = Release|Win32
		{94FACB73-D971-4A97-ABAD-32B2DD6C9F69}.Debug|x64.ActiveCfg = Debug|x64
		{94FACB73-D971-4A97-ABAD-32B2DD6C9F69}.Debug|x64.Build.0 = Debug|x64
		{94FACB73-D971-4A97-ABAD-32B2DD6C9F69}.Debug|x86.ActiveCfg = Debug|Win32
		{94FACB73-D971-4A97-ABAD-32B2DD6C9F69}.Debug|x86.Build.0 = Debug|Win32
		{94FACB73-D971-4A97-ABAD-32B2DD6C9F69}.Release|x64.ActiveCfg = Release|x64
		{94FACB73-D971-4A97-ABAD-32B2DD6C9F69}.Release|x64.Build.0 = Release|x64
		{94FACB73-D971-4A97-ABAD-32B2DD6C9F69}.Release|x86.ActiveCfg = Release|Win32
		{94FACB73-D971-4A97-ABAD-32B2DD6C9F69}.Release|x86.Build.0 = Release|Win32
		{0D07917B-37F9-4465-9F59-A668BC4831CE}.Debug|x64.ActiveCfg = Debug|x64
		{0D07917B-37F9-4465-9F59-A668BC4831CE}.Debug|x64.Build.0 = Debug|x64
		{0D07917B-37F9-4465-9F59-A668BC4831CE}.Debug|x86.ActiveCfg = Debug|Win32
		{0D07917B-37F9-4465-9F59-A668BC4831CE}.Debug|x86.Build.0 = Debug|Win32
		{0D07917B-37F9-4465-9F59-A668BC4831CE}.Release|x64.ActiveCfg = Release|x64
		{0D07917B-37F9-4465-9F59-A668BC4831CE}.Release|x64.Build.0 = Release|x64
		{0D07917B-37F9-4465-9F59-A668BC4831CE}.Release|x86.ActiveCfg = Release|Win32
		{0D07917B-37F9-4465-9F59-A668BC4831CE}.Release|x86.Build.0 = Release|Win32
		{F7585408-B57A-4381-8975-246B1A66CCB2}.Debug|x64.ActiveCfg = Debug|x64
		{F7585408-B57A-4381-8975-246B1A66CCB2}.Debug|x64.Build.0 = Debug|x64
		{F7585408-B57A-4381-8975-246B1A66CCB2}.Debug|x86.ActiveCfg = Debug|Win32
		{F7585408-B57A-4381-8975-246B1A66CCB2}.Debug|x86.Build.0 = Debug|Win32
		{F7585408-B57A-4381-8975-246B1A66CCB2}.Release|x64.ActiveCfg = Release|x64
		{F7585408-B57A-4381-8975-246B1A66CCB2}.Release|x64.Build.0 = Release|x64
		{F7585408-B57A-4381-8975-246B1A66CCB2}.Release|x86.ActiveCfg = Release|Win32
		{F7585408-B57A-4381-8975-246B1A66CCB2}.Release|x86.Build.0 = Release|Win32
		{CA2FA895-7DCC-4005-9552-86964F3C864F}.Debug|x64.ActiveCfg = Debug|x64
		{CA2FA895-7DCC-4005-9552-86964F3C864F}.Debug|x64.Build.0 = Debug|x64
		{CA2FA895-7DCC-4005-9552-86964F3C864F}.Debug|x86.ActiveCfg = Debug|Win32
		{CA2FA895-7DCC-4005-9552-86964F3C864F}.Debug|x86.Build.0 = Debug|Win32
		{CA2FA895-7DCC-4005-9552-86964F3C864F}.Release|x64.ActiveCfg = Release|x64
		{CA2FA895-7DCC-4005-9552-86964F3C864F}.Release|x64.Build.0 = Release|x64
		{CA2FA895-7DCC-4005-9552-86964F3C864F}.Release|x86.ActiveCfg = Release|Win32
		{CA2FA895-7DCC-4005-9552-86964F3C864F}.Release|x86.Build.0 = Release|Win32
	EndGlobalSection
	GlobalSection(SolutionProperties) = preSolution
		HideSolutionNode = FALSE
	EndGlobalSection
	GlobalSection(NestedProjects) = preSolution
		{39EBA7BD-1B31-4479-B4D3-12072F4FE839} = {7E5157C1-D65A-4132-9D91-C995A123E52E}
		{94FACB73-D971-4A97-ABAD-32B2DD6C9F69} = {E9A798A1-A78A-4D34-AAA4-B0F802BE567D}
		{0D07917B-37F9-4465-9F59-A668BC4831CE} = {E9A798A1-A78A-4D34-AAA4-B0F802BE567D}
		{F7585408-B57A-4381-8975-246B1A66CCB2} = {E9A798A1-A78A-4D34-AAA4-B0F802BE567D}
		{CA2FA895-7DCC-4005-9552-86964F3C864F} = {E9A798A1-A78A-4D34-AAA4-B0F802BE567D}
	EndGlobalSection
	GlobalSection(ExtensibilityGlobals) = postSolution
		SolutionGuid = {A4B16603-B6CA-4EDD-BB60-F28DE6BD46CB}
	EndGlobalSection
EndGlobal
